{
  "name": "ria4k",
  "version": "1.0.0",
  "lockfileVersion": 3,
  "requires": true,
  "packages": {
    "": {
      "name": "ria4k",
      "version": "1.0.0",
      "license": "ISC",
      "dependencies": {
        "ria4k": "^1.0.0"
      }
    },
    "node_modules/ria4k": {
      "version": "1.0.0",
      "resolved": "https://registry.npmjs.org/ria4k/-/ria4k-1.0.0.tgz",
      "integrity": "sha512-79J7keKm5mAgqqctceh7d7gLUMU71Gb7MkhlhgpmxO9+oUM/id1fxkZsoyZPhJVJV5z/r8wMyvhQd0lSF1B+Uw=="
    }
  }
}
